{
	"name": "banano.mass",
	"version": "1.0.8",
	"lockfileVersion": 1,
	"requires": true,
	"dependencies": {
		"banano.account": {
			"version": "git+https://github.com/anzerr/banano.account.git#ea2ecbcd674023e6e89b314b7f3b3ddc2f2f1ce0",
			"from": "git+https://github.com/anzerr/banano.account.git",
			"requires": {
				"blake2b": "git+https://github.com/anzerr/blake2b.git",
				"nacl": "git+https://github.com/anzerr/nacl.git",
				"uint": "git+https://github.com/anzerr/uint.git"
			}
		},
		"bip39": {
			"version": "git+https://github.com/anzerr/bip39.git#5d03410d3e335cb230fd77a6afd859488521ecea",
			"from": "git+https://github.com/anzerr/bip39.git"
		},
		"blake2b": {
			"version": "git+https://github.com/anzerr/blake2b.git#1cae292ca99ec625df3c4cdd592ee09ff2bc462f",
			"from": "git+https://github.com/anzerr/blake2b.git"
		},
		"cli.util": {
			"version": "git+https://github.com/anzerr/cli.util.git#baae33b2b9a7f77714be17ca2d34bd16fb9dd23f",
			"from": "git+https://github.com/anzerr/cli.util.git"
		},
		"console.color": {
			"version": "git+https://github.com/anzerr/console.color.git#e6edff6e630d8c900038f3be265404b16a4ca12c",
			"from": "git+https://github.com/anzerr/console.color.git"
		},
		"nacl": {
			"version": "git+https://github.com/anzerr/nacl.git#a564969f1543f6fa1e810df4360d8b098c76b8b3",
			"from": "git+https://github.com/anzerr/nacl.git",
			"requires": {
				"blake2b": "git+https://github.com/anzerr/blake2b.git"
			}
		},
		"uint": {
			"version": "git+https://github.com/anzerr/uint.git#f6a503306bae010b0470c44a21a21305b54429ed",
			"from": "git+https://github.com/anzerr/uint.git"
		}
	}
}
